
Microsoft Visual Studio Solution File, Format Version 12.00
# Visual Studio Version 17
VisualStudioVersion = 17.11.35327.3
MinimumVisualStudioVersion = 10.0.40219.1
Project("{FAE04EC0-301F-11D3-BF4B-00C04F79EFBC}") = "TicketsReservationSystem.API", "TicketsReservationSystemAPI\TicketsReservationSystem.API.csproj", "{77D00030-96EC-498F-9AFB-B74577B648F6}"
EndProject
Project("{FAE04EC0-301F-11D3-BF4B-00C04F79EFBC}") = "TicketsReservationSystem.BLL", "TicketsReservationSystem.BLL\TicketsReservationSystem.BLL.csproj", "{9B7AA3A9-A873-4DF0-910E-F42A18C35B01}"
EndProject
Project("{FAE04EC0-301F-11D3-BF4B-00C04F79EFBC}") = "TicketsReservationSystem.DAL", "TicketsReservationSystem.DAL\TicketsReservationSystem.DAL.csproj", "{E615111A-BF90-4E04-A733-F6E7D256AF4D}"
EndProject
Global
	GlobalSection(SolutionConfigurationPlatforms) = preSolution
		Debug|Any CPU = Debug|Any CPU
		Release|Any CPU = Release|Any CPU
	EndGlobalSection
	GlobalSection(ProjectConfigurationPlatforms) = postSolution
		{77D00030-96EC-498F-9AFB-B74577B648F6}.Debug|Any CPU.ActiveCfg = Debug|Any CPU
		{77D00030-96EC-498F-9AFB-B74577B648F6}.Debug|Any CPU.Build.0 = Debug|Any CPU
		{77D00030-96EC-498F-9AFB-B74577B648F6}.Release|Any CPU.ActiveCfg = Release|Any CPU
		{77D00030-96EC-498F-9AFB-B74577B648F6}.Release|Any CPU.Build.0 = Release|Any CPU
		{9B7AA3A9-A873-4DF0-910E-F42A18C35B01}.Debug|Any CPU.ActiveCfg = Debug|Any CPU
		{9B7AA3A9-A873-4DF0-910E-F42A18C35B01}.Debug|Any CPU.Build.0 = Debug|Any CPU
		{9B7AA3A9-A873-4DF0-910E-F42A18C35B01}.Release|Any CPU.ActiveCfg = Release|Any CPU
		{9B7AA3A9-A873-4DF0-910E-F42A18C35B01}.Release|Any CPU.Build.0 = Release|Any CPU
		{E615111A-BF90-4E04-A733-F6E7D256AF4D}.Debug|Any CPU.ActiveCfg = Debug|Any CPU
		{E615111A-BF90-4E04-A733-F6E7D256AF4D}.Debug|Any CPU.Build.0 = Debug|Any CPU
		{E615111A-BF90-4E04-A733-F6E7D256AF4D}.Release|Any CPU.ActiveCfg = Release|Any CPU
		{E615111A-BF90-4E04-A733-F6E7D256AF4D}.Release|Any CPU.Build.0 = Release|Any CPU
	EndGlobalSection
	GlobalSection(SolutionProperties) = preSolution
		HideSolutionNode = FALSE
	EndGlobalSection
	GlobalSection(ExtensibilityGlobals) = postSolution
		SolutionGuid = {FC34C8D0-B0E7-44EA-B417-68FFB859A71E}
	EndGlobalSection
EndGlobal
